
Microsoft Visual Studio Solution File, Format Version 12.00
# Visual Studio Version 16
VisualStudioVersion = 16.0.31105.61
MinimumVisualStudioVersion = 10.0.40219.1
Project("{9A19103F-16F7-4668-BE54-9A1E7A4F7556}") = "MetricsSample", "MetricsSample\MetricsSample.csproj", "{A9D238F9-0839-42BD-B97B-4625E34F64CC}"
EndProject
Project("{9A19103F-16F7-4668-BE54-9A1E7A4F7556}") = "MetricsLibrary", "MetricsLibrary\MetricsLibrary.csproj", "{9EA234E5-4EEA-463A-AA96-A646A9F20C93}"
EndProject
Project("{9A19103F-16F7-4668-BE54-9A1E7A4F7556}") = "MetricsBench", "MetricsBench\MetricsBench.csproj", "{68788D06-1BC5-43D5-B4B6-483C5B76EE63}"
EndProject
Global
	GlobalSection(SolutionConfigurationPlatforms) = preSolution
		Debug|Any CPU = Debug|Any CPU
		Release|Any CPU = Release|Any CPU
	EndGlobalSection
	GlobalSection(ProjectConfigurationPlatforms) = postSolution
		{A9D238F9-0839-42BD-B97B-4625E34F64CC}.Debug|Any CPU.ActiveCfg = Debug|Any CPU
		{A9D238F9-0839-42BD-B97B-4625E34F64CC}.Debug|Any CPU.Build.0 = Debug|Any CPU
		{A9D238F9-0839-42BD-B97B-4625E34F64CC}.Release|Any CPU.ActiveCfg = Release|Any CPU
		{A9D238F9-0839-42BD-B97B-4625E34F64CC}.Release|Any CPU.Build.0 = Release|Any CPU
		{9EA234E5-4EEA-463A-AA96-A646A9F20C93}.Debug|Any CPU.ActiveCfg = Debug|Any CPU
		{9EA234E5-4EEA-463A-AA96-A646A9F20C93}.Debug|Any CPU.Build.0 = Debug|Any CPU
		{9EA234E5-4EEA-463A-AA96-A646A9F20C93}.Release|Any CPU.ActiveCfg = Release|Any CPU
		{9EA234E5-4EEA-463A-AA96-A646A9F20C93}.Release|Any CPU.Build.0 = Release|Any CPU
		{68788D06-1BC5-43D5-B4B6-483C5B76EE63}.Debug|Any CPU.ActiveCfg = Debug|Any CPU
		{68788D06-1BC5-43D5-B4B6-483C5B76EE63}.Debug|Any CPU.Build.0 = Debug|Any CPU
		{68788D06-1BC5-43D5-B4B6-483C5B76EE63}.Release|Any CPU.ActiveCfg = Release|Any CPU
		{68788D06-1BC5-43D5-B4B6-483C5B76EE63}.Release|Any CPU.Build.0 = Release|Any CPU
	EndGlobalSection
	GlobalSection(SolutionProperties) = preSolution
		HideSolutionNode = FALSE
	EndGlobalSection
	GlobalSection(ExtensibilityGlobals) = postSolution
		SolutionGuid = {E27279BF-ACF2-49C7-91D5-FB42A15DB340}
	EndGlobalSection
EndGlobal
