
Microsoft Visual Studio Solution File, Format Version 12.00
# Visual Studio Version 16
VisualStudioVersion = 16.0.31105.61
MinimumVisualStudioVersion = 10.0.40219.1
Project("{9A19103F-16F7-4668-BE54-9A1E7A4F7556}") = "MetricsSample", "MetricsSample\MetricsSample.csproj", "{A9D238F9-0839-42BD-B97B-4625E34F64CC}"
EndProject
Project("{9A19103F-16F7-4668-BE54-9A1E7A4F7556}") = "MetricsLibrary", "MetricsLibrary\MetricsLibrary.csproj", "{9EA234E5-4EEA-463A-AA96-A646A9F20C93}"
EndProject
Project("{9A19103F-16F7-4668-BE54-9A1E7A4F7556}") = "MetricsBench", "MetricsBench\MetricsBench.csproj", "{68788D06-1BC5-43D5-B4B6-483C5B76EE63}"
EndProject
Project("{FAE04EC0-301F-11D3-BF4B-00C04F79EFBC}") = "Microsoft.R9.Extensions.MetricGenerator", "Microsoft.R9.Extensions.MetricGenerator\Microsoft.R9.Extensions.MetricGenerator.csproj", "{655D5C65-369E-41BB-8CED-1C5C1DD0AFAE}"
EndProject
Project("{FAE04EC0-301F-11D3-BF4B-00C04F79EFBC}") = "Microsoft.R9.Extensions.MetricUtilities", "Microsoft.R9.Extensions.MetricUtilities\Microsoft.R9.Extensions.MetricUtilities.csproj", "{1AD0D88E-1914-4FB3-913F-20DB465409F8}"
EndProject
Project("{FAE04EC0-301F-11D3-BF4B-00C04F79EFBC}") = "Microsoft.R9.Extensions.Mocks", "Microsoft.R9.Extensions.Mocks\Microsoft.R9.Extensions.Mocks.csproj", "{757B8508-419A-4C7F-9AB4-6CF90E40C0EA}"
EndProject
Global
	GlobalSection(SolutionConfigurationPlatforms) = preSolution
		Debug|Any CPU = Debug|Any CPU
		Release|Any CPU = Release|Any CPU
	EndGlobalSection
	GlobalSection(ProjectConfigurationPlatforms) = postSolution
		{A9D238F9-0839-42BD-B97B-4625E34F64CC}.Debug|Any CPU.ActiveCfg = Debug|Any CPU
		{A9D238F9-0839-42BD-B97B-4625E34F64CC}.Debug|Any CPU.Build.0 = Debug|Any CPU
		{A9D238F9-0839-42BD-B97B-4625E34F64CC}.Release|Any CPU.ActiveCfg = Release|Any CPU
		{A9D238F9-0839-42BD-B97B-4625E34F64CC}.Release|Any CPU.Build.0 = Release|Any CPU
		{9EA234E5-4EEA-463A-AA96-A646A9F20C93}.Debug|Any CPU.ActiveCfg = Debug|Any CPU
		{9EA234E5-4EEA-463A-AA96-A646A9F20C93}.Debug|Any CPU.Build.0 = Debug|Any CPU
		{9EA234E5-4EEA-463A-AA96-A646A9F20C93}.Release|Any CPU.ActiveCfg = Release|Any CPU
		{9EA234E5-4EEA-463A-AA96-A646A9F20C93}.Release|Any CPU.Build.0 = Release|Any CPU
		{68788D06-1BC5-43D5-B4B6-483C5B76EE63}.Debug|Any CPU.ActiveCfg = Debug|Any CPU
		{68788D06-1BC5-43D5-B4B6-483C5B76EE63}.Debug|Any CPU.Build.0 = Debug|Any CPU
		{68788D06-1BC5-43D5-B4B6-483C5B76EE63}.Release|Any CPU.ActiveCfg = Release|Any CPU
		{68788D06-1BC5-43D5-B4B6-483C5B76EE63}.Release|Any CPU.Build.0 = Release|Any CPU
		{655D5C65-369E-41BB-8CED-1C5C1DD0AFAE}.Debug|Any CPU.ActiveCfg = Debug|Any CPU
		{655D5C65-369E-41BB-8CED-1C5C1DD0AFAE}.Debug|Any CPU.Build.0 = Debug|Any CPU
		{655D5C65-369E-41BB-8CED-1C5C1DD0AFAE}.Release|Any CPU.ActiveCfg = Release|Any CPU
		{655D5C65-369E-41BB-8CED-1C5C1DD0AFAE}.Release|Any CPU.Build.0 = Release|Any CPU
		{1AD0D88E-1914-4FB3-913F-20DB465409F8}.Debug|Any CPU.ActiveCfg = Debug|Any CPU
		{1AD0D88E-1914-4FB3-913F-20DB465409F8}.Debug|Any CPU.Build.0 = Debug|Any CPU
		{1AD0D88E-1914-4FB3-913F-20DB465409F8}.Release|Any CPU.ActiveCfg = Release|Any CPU
		{1AD0D88E-1914-4FB3-913F-20DB465409F8}.Release|Any CPU.Build.0 = Release|Any CPU
		{757B8508-419A-4C7F-9AB4-6CF90E40C0EA}.Debug|Any CPU.ActiveCfg = Debug|Any CPU
		{757B8508-419A-4C7F-9AB4-6CF90E40C0EA}.Debug|Any CPU.Build.0 = Debug|Any CPU
		{757B8508-419A-4C7F-9AB4-6CF90E40C0EA}.Release|Any CPU.ActiveCfg = Release|Any CPU
		{757B8508-419A-4C7F-9AB4-6CF90E40C0EA}.Release|Any CPU.Build.0 = Release|Any CPU
	EndGlobalSection
	GlobalSection(SolutionProperties) = preSolution
		HideSolutionNode = FALSE
	EndGlobalSection
	GlobalSection(ExtensibilityGlobals) = postSolution
		SolutionGuid = {E27279BF-ACF2-49C7-91D5-FB42A15DB340}
	EndGlobalSection
EndGlobal
